
Microsoft Visual Studio Solution File, Format Version 12.00
# Visual Studio Version 17
VisualStudioVersion = 17.5.33414.496
MinimumVisualStudioVersion = 10.0.40219.1
Project("{FAE04EC0-301F-11D3-BF4B-00C04F79EFBC}") = "TPMMMOD8_1302213088", "TPMMMOD8_1302213088\TPMMMOD8_1302213088.csproj", "{2DA99851-D6BA-43F7-A664-C3800EAE61EC}"
EndProject
Global
	GlobalSection(SolutionConfigurationPlatforms) = preSolution
		Debug|Any CPU = Debug|Any CPU
		Release|Any CPU = Release|Any CPU
	EndGlobalSection
	GlobalSection(ProjectConfigurationPlatforms) = postSolution
		{2DA99851-D6BA-43F7-A664-C3800EAE61EC}.Debug|Any CPU.ActiveCfg = Debug|Any CPU
		{2DA99851-D6BA-43F7-A664-C3800EAE61EC}.Debug|Any CPU.Build.0 = Debug|Any CPU
		{2DA99851-D6BA-43F7-A664-C3800EAE61EC}.Release|Any CPU.ActiveCfg = Release|Any CPU
		{2DA99851-D6BA-43F7-A664-C3800EAE61EC}.Release|Any CPU.Build.0 = Release|Any CPU
	EndGlobalSection
	GlobalSection(SolutionProperties) = preSolution
		HideSolutionNode = FALSE
	EndGlobalSection
	GlobalSection(ExtensibilityGlobals) = postSolution
		SolutionGuid = {B418A74C-9CCA-4965-9679-0CA9A77029B4}
	EndGlobalSection
EndGlobal
